
Microsoft Visual Studio Solution File, Format Version 12.00
# Visual Studio Version 16
VisualStudioVersion = 16.0.30002.166
MinimumVisualStudioVersion = 10.0.40219.1
Project("{8BC9CEB8-8B4A-11D0-8D11-00A0C91BC942}") = "DokterBibber", "DokterBibber\DokterBibber.vcxproj", "{535543E9-6954-42D2-B006-CDAC5F7D7339}"
EndProject
Global
	GlobalSection(SolutionConfigurationPlatforms) = preSolution
		Debug|x64 = Debug|x64
		Debug|x86 = Debug|x86
		Release|x64 = Release|x64
		Release|x86 = Release|x86
	EndGlobalSection
	GlobalSection(ProjectConfigurationPlatforms) = postSolution
		{535543E9-6954-42D2-B006-CDAC5F7D7339}.Debug|x64.ActiveCfg = Debug|x64
		{535543E9-6954-42D2-B006-CDAC5F7D7339}.Debug|x64.Build.0 = Debug|x64
		{535543E9-6954-42D2-B006-CDAC5F7D7339}.Debug|x86.ActiveCfg = Debug|Win32
		{535543E9-6954-42D2-B006-CDAC5F7D7339}.Debug|x86.Build.0 = Debug|Win32
		{535543E9-6954-42D2-B006-CDAC5F7D7339}.Release|x64.ActiveCfg = Release|x64
		{535543E9-6954-42D2-B006-CDAC5F7D7339}.Release|x64.Build.0 = Release|x64
		{535543E9-6954-42D2-B006-CDAC5F7D7339}.Release|x86.ActiveCfg = Release|Win32
		{535543E9-6954-42D2-B006-CDAC5F7D7339}.Release|x86.Build.0 = Release|Win32
	EndGlobalSection
	GlobalSection(SolutionProperties) = preSolution
		HideSolutionNode = FALSE
	EndGlobalSection
	GlobalSection(ExtensibilityGlobals) = postSolution
		SolutionGuid = {E6399E24-4AC1-4EA5-B16D-F442A541B4A0}
	EndGlobalSection
EndGlobal
